
Microsoft Visual Studio Solution File, Format Version 12.00
Project("{FAE04EC0-301F-11D3-BF4B-00C04F79EFBC}") = "YAESandBox.API", "BackEnd\YAESandBox.API\YAESandBox.API.csproj", "{5F5667AF-F238-488E-B467-3A56420023C4}"
EndProject
Project("{FAE04EC0-301F-11D3-BF4B-00C04F79EFBC}") = "YAESandBox.Core", "BackEnd\YAESandBox.Core\YAESandBox.Core.csproj", "{5C1F0133-D0DB-4777-86F8-438B9DA0DBED}"
EndProject
Project("{FAE04EC0-301F-11D3-BF4B-00C04F79EFBC}") = "YAESandBox.Depend", "BackEnd\YAESandBox.Depend\YAESandBox.Depend.csproj", "{5984DD21-98F2-4B9E-9ABA-CDCA9C668583}"
EndProject
Project("{FAE04EC0-301F-11D3-BF4B-00C04F79EFBC}") = "YAESandBox.Core.Block", "BackEnd\YAESandBox.Core.Block\YAESandBox.Core.Block.csproj", "{560F7FD6-D399-4DC1-BD94-ABDF9A094A3F}"
EndProject
Project("{FAE04EC0-301F-11D3-BF4B-00C04F79EFBC}") = "YAESandBox.Tests", "BackEnd\YAESandBox.Tests\YAESandBox.Tests.csproj", "{66DBE303-0FA0-44B0-BC8B-769227A3FE55}"
EndProject
Project("{2150E333-8FDC-42A3-9474-1A3956D46DE8}") = "backend", "backend", "{78706A16-017A-46F9-8403-D83C2351FEEC}"
EndProject
Project("{FAE04EC0-301F-11D3-BF4B-00C04F79EFBC}") = "YAESandBox.API.Services", "backend\YAESandBox.API.Services\YAESandBox.API.Services.csproj", "{F3E9A585-044C-4071-9F77-82AEC4DE7DEE}"
EndProject
Project("{FAE04EC0-301F-11D3-BF4B-00C04F79EFBC}") = "YAESandBox.API.DTOs", "backend\YAESandBox.API.DTOs\YAESandBox.API.DTOs.csproj", "{E325CAC5-54F5-428D-BCFA-95B4F1691BD2}"
EndProject
Project("{FAE04EC0-301F-11D3-BF4B-00C04F79EFBC}") = "YAESandBox.Workflow", "backend\YAESandBox.Workflow\YAESandBox.Workflow.csproj", "{F119413A-7A2B-4C19-B7B3-2F07860A85AE}"
EndProject
Project("{FAE04EC0-301F-11D3-BF4B-00C04F79EFBC}") = "YAESandBox.Workflow.AIService", "backend\YAESandBox.Workflow.AIService\YAESandBox.Workflow.AIService.csproj", "{7C30EED4-2111-42D7-BF90-CFB8E7011C17}"
EndProject
Project("{FAE04EC0-301F-11D3-BF4B-00C04F79EFBC}") = "YAESandBox.Workflow.Test", "backend\YAESandBox.Workflow.Test\YAESandBox.Workflow.Test.csproj", "{D2A61CFC-FF5D-45E9-8399-73D69A15B913}"
EndProject
Global
	GlobalSection(SolutionConfigurationPlatforms) = preSolution
		Debug|Any CPU = Debug|Any CPU
		Release|Any CPU = Release|Any CPU
	EndGlobalSection
	GlobalSection(ProjectConfigurationPlatforms) = postSolution
		{5F5667AF-F238-488E-B467-3A56420023C4}.Debug|Any CPU.ActiveCfg = Debug|Any CPU
		{5F5667AF-F238-488E-B467-3A56420023C4}.Debug|Any CPU.Build.0 = Debug|Any CPU
		{5F5667AF-F238-488E-B467-3A56420023C4}.Release|Any CPU.ActiveCfg = Release|Any CPU
		{5F5667AF-F238-488E-B467-3A56420023C4}.Release|Any CPU.Build.0 = Release|Any CPU
		{5C1F0133-D0DB-4777-86F8-438B9DA0DBED}.Debug|Any CPU.ActiveCfg = Debug|Any CPU
		{5C1F0133-D0DB-4777-86F8-438B9DA0DBED}.Debug|Any CPU.Build.0 = Debug|Any CPU
		{5C1F0133-D0DB-4777-86F8-438B9DA0DBED}.Release|Any CPU.ActiveCfg = Release|Any CPU
		{5C1F0133-D0DB-4777-86F8-438B9DA0DBED}.Release|Any CPU.Build.0 = Release|Any CPU
		{5984DD21-98F2-4B9E-9ABA-CDCA9C668583}.Debug|Any CPU.ActiveCfg = Debug|Any CPU
		{5984DD21-98F2-4B9E-9ABA-CDCA9C668583}.Debug|Any CPU.Build.0 = Debug|Any CPU
		{5984DD21-98F2-4B9E-9ABA-CDCA9C668583}.Release|Any CPU.ActiveCfg = Release|Any CPU
		{5984DD21-98F2-4B9E-9ABA-CDCA9C668583}.Release|Any CPU.Build.0 = Release|Any CPU
		{560F7FD6-D399-4DC1-BD94-ABDF9A094A3F}.Debug|Any CPU.ActiveCfg = Debug|Any CPU
		{560F7FD6-D399-4DC1-BD94-ABDF9A094A3F}.Debug|Any CPU.Build.0 = Debug|Any CPU
		{560F7FD6-D399-4DC1-BD94-ABDF9A094A3F}.Release|Any CPU.ActiveCfg = Release|Any CPU
		{560F7FD6-D399-4DC1-BD94-ABDF9A094A3F}.Release|Any CPU.Build.0 = Release|Any CPU
		{66DBE303-0FA0-44B0-BC8B-769227A3FE55}.Debug|Any CPU.ActiveCfg = Debug|Any CPU
		{66DBE303-0FA0-44B0-BC8B-769227A3FE55}.Debug|Any CPU.Build.0 = Debug|Any CPU
		{66DBE303-0FA0-44B0-BC8B-769227A3FE55}.Release|Any CPU.ActiveCfg = Release|Any CPU
		{66DBE303-0FA0-44B0-BC8B-769227A3FE55}.Release|Any CPU.Build.0 = Release|Any CPU
		{F3E9A585-044C-4071-9F77-82AEC4DE7DEE}.Debug|Any CPU.ActiveCfg = Debug|Any CPU
		{F3E9A585-044C-4071-9F77-82AEC4DE7DEE}.Debug|Any CPU.Build.0 = Debug|Any CPU
		{F3E9A585-044C-4071-9F77-82AEC4DE7DEE}.Release|Any CPU.ActiveCfg = Release|Any CPU
		{F3E9A585-044C-4071-9F77-82AEC4DE7DEE}.Release|Any CPU.Build.0 = Release|Any CPU
		{E325CAC5-54F5-428D-BCFA-95B4F1691BD2}.Debug|Any CPU.ActiveCfg = Debug|Any CPU
		{E325CAC5-54F5-428D-BCFA-95B4F1691BD2}.Debug|Any CPU.Build.0 = Debug|Any CPU
		{E325CAC5-54F5-428D-BCFA-95B4F1691BD2}.Release|Any CPU.ActiveCfg = Release|Any CPU
		{E325CAC5-54F5-428D-BCFA-95B4F1691BD2}.Release|Any CPU.Build.0 = Release|Any CPU
		{F119413A-7A2B-4C19-B7B3-2F07860A85AE}.Debug|Any CPU.ActiveCfg = Debug|Any CPU
		{F119413A-7A2B-4C19-B7B3-2F07860A85AE}.Debug|Any CPU.Build.0 = Debug|Any CPU
		{F119413A-7A2B-4C19-B7B3-2F07860A85AE}.Release|Any CPU.ActiveCfg = Release|Any CPU
		{F119413A-7A2B-4C19-B7B3-2F07860A85AE}.Release|Any CPU.Build.0 = Release|Any CPU
		{7C30EED4-2111-42D7-BF90-CFB8E7011C17}.Debug|Any CPU.ActiveCfg = Debug|Any CPU
		{7C30EED4-2111-42D7-BF90-CFB8E7011C17}.Debug|Any CPU.Build.0 = Debug|Any CPU
		{7C30EED4-2111-42D7-BF90-CFB8E7011C17}.Release|Any CPU.ActiveCfg = Release|Any CPU
		{7C30EED4-2111-42D7-BF90-CFB8E7011C17}.Release|Any CPU.Build.0 = Release|Any CPU
		{D2A61CFC-FF5D-45E9-8399-73D69A15B913}.Debug|Any CPU.ActiveCfg = Debug|Any CPU
		{D2A61CFC-FF5D-45E9-8399-73D69A15B913}.Debug|Any CPU.Build.0 = Debug|Any CPU
		{D2A61CFC-FF5D-45E9-8399-73D69A15B913}.Release|Any CPU.ActiveCfg = Release|Any CPU
		{D2A61CFC-FF5D-45E9-8399-73D69A15B913}.Release|Any CPU.Build.0 = Release|Any CPU
	EndGlobalSection
	GlobalSection(NestedProjects) = preSolution
		{5F5667AF-F238-488E-B467-3A56420023C4} = {78706A16-017A-46F9-8403-D83C2351FEEC}
		{5C1F0133-D0DB-4777-86F8-438B9DA0DBED} = {78706A16-017A-46F9-8403-D83C2351FEEC}
		{560F7FD6-D399-4DC1-BD94-ABDF9A094A3F} = {78706A16-017A-46F9-8403-D83C2351FEEC}
		{5984DD21-98F2-4B9E-9ABA-CDCA9C668583} = {78706A16-017A-46F9-8403-D83C2351FEEC}
		{66DBE303-0FA0-44B0-BC8B-769227A3FE55} = {78706A16-017A-46F9-8403-D83C2351FEEC}
		{F3E9A585-044C-4071-9F77-82AEC4DE7DEE} = {78706A16-017A-46F9-8403-D83C2351FEEC}
		{E325CAC5-54F5-428D-BCFA-95B4F1691BD2} = {78706A16-017A-46F9-8403-D83C2351FEEC}
		{F119413A-7A2B-4C19-B7B3-2F07860A85AE} = {78706A16-017A-46F9-8403-D83C2351FEEC}
		{7C30EED4-2111-42D7-BF90-CFB8E7011C17} = {78706A16-017A-46F9-8403-D83C2351FEEC}
	EndGlobalSection
EndGlobal
