
Microsoft Visual Studio Solution File, Format Version 12.00
Project("{FAE04EC0-301F-11D3-BF4B-00C04F79EFBC}") = "YAESandBox.AppWeb", "YAESandBox.AppWeb\YAESandBox.AppWeb.csproj", "{5F5667AF-F238-488E-B467-3A56420023C4}"
EndProject
Project("{FAE04EC0-301F-11D3-BF4B-00C04F79EFBC}") = "YAESandBox.Core", "YAESandBox.Core\YAESandBox.Core.csproj", "{5C1F0133-D0DB-4777-86F8-438B9DA0DBED}"
EndProject
Project("{FAE04EC0-301F-11D3-BF4B-00C04F79EFBC}") = "YAESandBox.Depend", "YAESandBox.Depend\YAESandBox.Depend.csproj", "{5984DD21-98F2-4B9E-9ABA-CDCA9C668583}"
EndProject
Project("{FAE04EC0-301F-11D3-BF4B-00C04F79EFBC}") = "YAESandBox.Core.Block", "YAESandBox.Core.Block\YAESandBox.Core.Block.csproj", "{560F7FD6-D399-4DC1-BD94-ABDF9A094A3F}"
EndProject
Project("{FAE04EC0-301F-11D3-BF4B-00C04F79EFBC}") = "YAESandBox.Core.Services", "YAESandBox.Core.Services\YAESandBox.Core.Services.csproj", "{F3E9A585-044C-4071-9F77-82AEC4DE7DEE}"
EndProject
Project("{FAE04EC0-301F-11D3-BF4B-00C04F79EFBC}") = "YAESandBox.Core.DTOs", "YAESandBox.Core.DTOs\YAESandBox.Core.DTOs.csproj", "{E325CAC5-54F5-428D-BCFA-95B4F1691BD2}"
EndProject
Project("{FAE04EC0-301F-11D3-BF4B-00C04F79EFBC}") = "YAESandBox.Workflow", "YAESandBox.Workflow\YAESandBox.Workflow.csproj", "{F119413A-7A2B-4C19-B7B3-2F07860A85AE}"
EndProject
Project("{FAE04EC0-301F-11D3-BF4B-00C04F79EFBC}") = "YAESandBox.Workflow.AIService", "YAESandBox.Workflow.AIService\YAESandBox.Workflow.AIService.csproj", "{7C30EED4-2111-42D7-BF90-CFB8E7011C17}"
EndProject
Project("{FAE04EC0-301F-11D3-BF4B-00C04F79EFBC}") = "YAESandBox.Workflow.Test", "YAESandBox.Workflow.Test\YAESandBox.Workflow.Test.csproj", "{D2A61CFC-FF5D-45E9-8399-73D69A15B913}"
EndProject
Project("{FAE04EC0-301F-11D3-BF4B-00C04F79EFBC}") = "YAESandBox.Depend.AspNetCore", "YAESandBox.Depend.AspNetCore\YAESandBox.Depend.AspNetCore.csproj", "{03A8E129-CDCE-4FE3-83D2-A44153BF8C9C}"
EndProject
Project("{FAE04EC0-301F-11D3-BF4B-00C04F79EFBC}") = "YAESandBox.Core.API", "YAESandBox.Core.API\YAESandBox.Core.API.csproj", "{9B0A7694-7050-4236-9D50-C6768AAC06E0}"
EndProject
Project("{FAE04EC0-301F-11D3-BF4B-00C04F79EFBC}") = "YAESandBox.Core.Workflow.CoreModules", "YAESandBox.Core.Workflow.CoreModules\YAESandBox.Core.Workflow.CoreModules.csproj", "{72C38B20-E041-470B-AE3D-D0AA83368E0F}"
EndProject
Project("{FAE04EC0-301F-11D3-BF4B-00C04F79EFBC}") = "YAESandBox.Analyzers", "YAESandBox.Analyzers\YAESandBox.Analyzers\YAESandBox.Analyzers.csproj", "{D1EBAAAC-8B93-49DE-B4CA-192C2BFC7BB7}"
EndProject
Project("{FAE04EC0-301F-11D3-BF4B-00C04F79EFBC}") = "YAESandBox.Analyzers.Sample", "YAESandBox.Analyzers\YAESandBox.Analyzers.Sample\YAESandBox.Analyzers.Sample.csproj", "{43C6693F-804D-4D24-8069-C6BBE452627D}"
EndProject
Project("{FAE04EC0-301F-11D3-BF4B-00C04F79EFBC}") = "YAESandBox.Analyzers.Tests", "YAESandBox.Analyzers\YAESandBox.Analyzers.Tests\YAESandBox.Analyzers.Tests.csproj", "{023B2682-F36F-49D9-A5E0-396D1B203EBB}"
EndProject
Project("{2150E333-8FDC-42A3-9474-1A3956D46DE8}") = "Analyzers", "Analyzers", "{5E79B2C8-4893-4D49-B459-B3FCBC122FA7}"
EndProject
Global
	GlobalSection(SolutionConfigurationPlatforms) = preSolution
		Debug|Any CPU = Debug|Any CPU
		Release|Any CPU = Release|Any CPU
	EndGlobalSection
	GlobalSection(ProjectConfigurationPlatforms) = postSolution
		{5F5667AF-F238-488E-B467-3A56420023C4}.Debug|Any CPU.ActiveCfg = Debug|Any CPU
		{5F5667AF-F238-488E-B467-3A56420023C4}.Debug|Any CPU.Build.0 = Debug|Any CPU
		{5F5667AF-F238-488E-B467-3A56420023C4}.Release|Any CPU.ActiveCfg = Release|Any CPU
		{5F5667AF-F238-488E-B467-3A56420023C4}.Release|Any CPU.Build.0 = Release|Any CPU
		{5C1F0133-D0DB-4777-86F8-438B9DA0DBED}.Debug|Any CPU.ActiveCfg = Debug|Any CPU
		{5C1F0133-D0DB-4777-86F8-438B9DA0DBED}.Debug|Any CPU.Build.0 = Debug|Any CPU
		{5C1F0133-D0DB-4777-86F8-438B9DA0DBED}.Release|Any CPU.ActiveCfg = Release|Any CPU
		{5C1F0133-D0DB-4777-86F8-438B9DA0DBED}.Release|Any CPU.Build.0 = Release|Any CPU
		{5984DD21-98F2-4B9E-9ABA-CDCA9C668583}.Debug|Any CPU.ActiveCfg = Debug|Any CPU
		{5984DD21-98F2-4B9E-9ABA-CDCA9C668583}.Debug|Any CPU.Build.0 = Debug|Any CPU
		{5984DD21-98F2-4B9E-9ABA-CDCA9C668583}.Release|Any CPU.ActiveCfg = Release|Any CPU
		{5984DD21-98F2-4B9E-9ABA-CDCA9C668583}.Release|Any CPU.Build.0 = Release|Any CPU
		{560F7FD6-D399-4DC1-BD94-ABDF9A094A3F}.Debug|Any CPU.ActiveCfg = Debug|Any CPU
		{560F7FD6-D399-4DC1-BD94-ABDF9A094A3F}.Debug|Any CPU.Build.0 = Debug|Any CPU
		{560F7FD6-D399-4DC1-BD94-ABDF9A094A3F}.Release|Any CPU.ActiveCfg = Release|Any CPU
		{560F7FD6-D399-4DC1-BD94-ABDF9A094A3F}.Release|Any CPU.Build.0 = Release|Any CPU
		{F3E9A585-044C-4071-9F77-82AEC4DE7DEE}.Debug|Any CPU.ActiveCfg = Debug|Any CPU
		{F3E9A585-044C-4071-9F77-82AEC4DE7DEE}.Debug|Any CPU.Build.0 = Debug|Any CPU
		{F3E9A585-044C-4071-9F77-82AEC4DE7DEE}.Release|Any CPU.ActiveCfg = Release|Any CPU
		{F3E9A585-044C-4071-9F77-82AEC4DE7DEE}.Release|Any CPU.Build.0 = Release|Any CPU
		{E325CAC5-54F5-428D-BCFA-95B4F1691BD2}.Debug|Any CPU.ActiveCfg = Debug|Any CPU
		{E325CAC5-54F5-428D-BCFA-95B4F1691BD2}.Debug|Any CPU.Build.0 = Debug|Any CPU
		{E325CAC5-54F5-428D-BCFA-95B4F1691BD2}.Release|Any CPU.ActiveCfg = Release|Any CPU
		{E325CAC5-54F5-428D-BCFA-95B4F1691BD2}.Release|Any CPU.Build.0 = Release|Any CPU
		{F119413A-7A2B-4C19-B7B3-2F07860A85AE}.Debug|Any CPU.ActiveCfg = Debug|Any CPU
		{F119413A-7A2B-4C19-B7B3-2F07860A85AE}.Debug|Any CPU.Build.0 = Debug|Any CPU
		{F119413A-7A2B-4C19-B7B3-2F07860A85AE}.Release|Any CPU.ActiveCfg = Release|Any CPU
		{F119413A-7A2B-4C19-B7B3-2F07860A85AE}.Release|Any CPU.Build.0 = Release|Any CPU
		{7C30EED4-2111-42D7-BF90-CFB8E7011C17}.Debug|Any CPU.ActiveCfg = Debug|Any CPU
		{7C30EED4-2111-42D7-BF90-CFB8E7011C17}.Debug|Any CPU.Build.0 = Debug|Any CPU
		{7C30EED4-2111-42D7-BF90-CFB8E7011C17}.Release|Any CPU.ActiveCfg = Release|Any CPU
		{7C30EED4-2111-42D7-BF90-CFB8E7011C17}.Release|Any CPU.Build.0 = Release|Any CPU
		{D2A61CFC-FF5D-45E9-8399-73D69A15B913}.Debug|Any CPU.ActiveCfg = Debug|Any CPU
		{D2A61CFC-FF5D-45E9-8399-73D69A15B913}.Debug|Any CPU.Build.0 = Debug|Any CPU
		{D2A61CFC-FF5D-45E9-8399-73D69A15B913}.Release|Any CPU.ActiveCfg = Release|Any CPU
		{D2A61CFC-FF5D-45E9-8399-73D69A15B913}.Release|Any CPU.Build.0 = Release|Any CPU
		{03A8E129-CDCE-4FE3-83D2-A44153BF8C9C}.Debug|Any CPU.ActiveCfg = Debug|Any CPU
		{03A8E129-CDCE-4FE3-83D2-A44153BF8C9C}.Debug|Any CPU.Build.0 = Debug|Any CPU
		{03A8E129-CDCE-4FE3-83D2-A44153BF8C9C}.Release|Any CPU.ActiveCfg = Release|Any CPU
		{03A8E129-CDCE-4FE3-83D2-A44153BF8C9C}.Release|Any CPU.Build.0 = Release|Any CPU
		{9B0A7694-7050-4236-9D50-C6768AAC06E0}.Debug|Any CPU.ActiveCfg = Debug|Any CPU
		{9B0A7694-7050-4236-9D50-C6768AAC06E0}.Debug|Any CPU.Build.0 = Debug|Any CPU
		{9B0A7694-7050-4236-9D50-C6768AAC06E0}.Release|Any CPU.ActiveCfg = Release|Any CPU
		{9B0A7694-7050-4236-9D50-C6768AAC06E0}.Release|Any CPU.Build.0 = Release|Any CPU
		{72C38B20-E041-470B-AE3D-D0AA83368E0F}.Debug|Any CPU.ActiveCfg = Debug|Any CPU
		{72C38B20-E041-470B-AE3D-D0AA83368E0F}.Debug|Any CPU.Build.0 = Debug|Any CPU
		{72C38B20-E041-470B-AE3D-D0AA83368E0F}.Release|Any CPU.ActiveCfg = Release|Any CPU
		{72C38B20-E041-470B-AE3D-D0AA83368E0F}.Release|Any CPU.Build.0 = Release|Any CPU
		{D1EBAAAC-8B93-49DE-B4CA-192C2BFC7BB7}.Debug|Any CPU.ActiveCfg = Debug|Any CPU
		{D1EBAAAC-8B93-49DE-B4CA-192C2BFC7BB7}.Debug|Any CPU.Build.0 = Debug|Any CPU
		{D1EBAAAC-8B93-49DE-B4CA-192C2BFC7BB7}.Release|Any CPU.ActiveCfg = Release|Any CPU
		{D1EBAAAC-8B93-49DE-B4CA-192C2BFC7BB7}.Release|Any CPU.Build.0 = Release|Any CPU
		{43C6693F-804D-4D24-8069-C6BBE452627D}.Debug|Any CPU.ActiveCfg = Debug|Any CPU
		{43C6693F-804D-4D24-8069-C6BBE452627D}.Debug|Any CPU.Build.0 = Debug|Any CPU
		{43C6693F-804D-4D24-8069-C6BBE452627D}.Release|Any CPU.ActiveCfg = Release|Any CPU
		{43C6693F-804D-4D24-8069-C6BBE452627D}.Release|Any CPU.Build.0 = Release|Any CPU
		{023B2682-F36F-49D9-A5E0-396D1B203EBB}.Debug|Any CPU.ActiveCfg = Debug|Any CPU
		{023B2682-F36F-49D9-A5E0-396D1B203EBB}.Debug|Any CPU.Build.0 = Debug|Any CPU
		{023B2682-F36F-49D9-A5E0-396D1B203EBB}.Release|Any CPU.ActiveCfg = Release|Any CPU
		{023B2682-F36F-49D9-A5E0-396D1B203EBB}.Release|Any CPU.Build.0 = Release|Any CPU
	EndGlobalSection
	GlobalSection(NestedProjects) = preSolution
		{5F5667AF-F238-488E-B467-3A56420023C4} = {78706A16-017A-46F9-8403-D83C2351FEEC}
		{5C1F0133-D0DB-4777-86F8-438B9DA0DBED} = {78706A16-017A-46F9-8403-D83C2351FEEC}
		{560F7FD6-D399-4DC1-BD94-ABDF9A094A3F} = {78706A16-017A-46F9-8403-D83C2351FEEC}
		{5984DD21-98F2-4B9E-9ABA-CDCA9C668583} = {78706A16-017A-46F9-8403-D83C2351FEEC}
		{F3E9A585-044C-4071-9F77-82AEC4DE7DEE} = {78706A16-017A-46F9-8403-D83C2351FEEC}
		{E325CAC5-54F5-428D-BCFA-95B4F1691BD2} = {78706A16-017A-46F9-8403-D83C2351FEEC}
		{F119413A-7A2B-4C19-B7B3-2F07860A85AE} = {78706A16-017A-46F9-8403-D83C2351FEEC}
		{7C30EED4-2111-42D7-BF90-CFB8E7011C17} = {78706A16-017A-46F9-8403-D83C2351FEEC}
		{D1EBAAAC-8B93-49DE-B4CA-192C2BFC7BB7} = {5E79B2C8-4893-4D49-B459-B3FCBC122FA7}
		{43C6693F-804D-4D24-8069-C6BBE452627D} = {5E79B2C8-4893-4D49-B459-B3FCBC122FA7}
		{023B2682-F36F-49D9-A5E0-396D1B203EBB} = {5E79B2C8-4893-4D49-B459-B3FCBC122FA7}
	EndGlobalSection
EndGlobal
