
Microsoft Visual Studio Solution File, Format Version 12.00
Project("{FAE04EC0-301F-11D3-BF4B-00C04F79EFBC}") = "YAESandBox.AppWeb", "YAESandBox.AppWeb\YAESandBox.AppWeb.csproj", "{5F5667AF-F238-488E-B467-3A56420023C4}"
EndProject
Project("{FAE04EC0-301F-11D3-BF4B-00C04F79EFBC}") = "YAESandBox.Seed", "YAESandBox.Seed\YAESandBox.Seed.csproj", "{5C1F0133-D0DB-4777-86F8-438B9DA0DBED}"
EndProject
Project("{FAE04EC0-301F-11D3-BF4B-00C04F79EFBC}") = "YAESandBox.Depend", "YAESandBox.Depend\YAESandBox.Depend.csproj", "{5984DD21-98F2-4B9E-9ABA-CDCA9C668583}"
EndProject
Project("{FAE04EC0-301F-11D3-BF4B-00C04F79EFBC}") = "YAESandBox.Seed.Block", "YAESandBox.Seed.Block\YAESandBox.Seed.Block.csproj", "{560F7FD6-D399-4DC1-BD94-ABDF9A094A3F}"
EndProject
Project("{FAE04EC0-301F-11D3-BF4B-00C04F79EFBC}") = "YAESandBox.Seed.Services", "YAESandBox.Seed.Services\YAESandBox.Seed.Services.csproj", "{F3E9A585-044C-4071-9F77-82AEC4DE7DEE}"
EndProject
Project("{FAE04EC0-301F-11D3-BF4B-00C04F79EFBC}") = "YAESandBox.Seed.DTOs", "YAESandBox.Seed.DTOs\YAESandBox.Seed.DTOs.csproj", "{E325CAC5-54F5-428D-BCFA-95B4F1691BD2}"
EndProject
Project("{FAE04EC0-301F-11D3-BF4B-00C04F79EFBC}") = "YAESandBox.Workflow", "YAESandBox.Workflow\YAESandBox.Workflow.csproj", "{F119413A-7A2B-4C19-B7B3-2F07860A85AE}"
EndProject
Project("{FAE04EC0-301F-11D3-BF4B-00C04F79EFBC}") = "YAESandBox.Workflow.AIService", "YAESandBox.Workflow.AIService\YAESandBox.Workflow.AIService.csproj", "{7C30EED4-2111-42D7-BF90-CFB8E7011C17}"
EndProject
Project("{FAE04EC0-301F-11D3-BF4B-00C04F79EFBC}") = "YAESandBox.Workflow.Test", "YAESandBox.Workflow.Test\YAESandBox.Workflow.Test.csproj", "{D2A61CFC-FF5D-45E9-8399-73D69A15B913}"
EndProject
Project("{FAE04EC0-301F-11D3-BF4B-00C04F79EFBC}") = "YAESandBox.Depend.AspNetCore", "YAESandBox.Depend.AspNetCore\YAESandBox.Depend.AspNetCore.csproj", "{03A8E129-CDCE-4FE3-83D2-A44153BF8C9C}"
EndProject
Project("{FAE04EC0-301F-11D3-BF4B-00C04F79EFBC}") = "YAESandBox.Seed.API", "YAESandBox.Seed.API\YAESandBox.Seed.API.csproj", "{9B0A7694-7050-4236-9D50-C6768AAC06E0}"
EndProject
Project("{FAE04EC0-301F-11D3-BF4B-00C04F79EFBC}") = "YAESandBox.Seed.Workflow.CoreModules", "YAESandBox.Seed.Workflow.CoreModules\YAESandBox.Seed.Workflow.CoreModules.csproj", "{72C38B20-E041-470B-AE3D-D0AA83368E0F}"
EndProject
Project("{FAE04EC0-301F-11D3-BF4B-00C04F79EFBC}") = "YAESandBox.Analyzers", "YAESandBox.Analyzers\YAESandBox.Analyzers\YAESandBox.Analyzers.csproj", "{D1EBAAAC-8B93-49DE-B4CA-192C2BFC7BB7}"
EndProject
Project("{FAE04EC0-301F-11D3-BF4B-00C04F79EFBC}") = "YAESandBox.Analyzers.Sample", "YAESandBox.Analyzers\YAESandBox.Analyzers.Sample\YAESandBox.Analyzers.Sample.csproj", "{43C6693F-804D-4D24-8069-C6BBE452627D}"
EndProject
Project("{2150E333-8FDC-42A3-9474-1A3956D46DE8}") = "Analyzers", "Analyzers", "{5E79B2C8-4893-4D49-B459-B3FCBC122FA7}"
EndProject
Project("{FAE04EC0-301F-11D3-BF4B-00C04F79EFBC}") = "YAESandBox.Depend.Results", "YAESandBox.Depend.Results\YAESandBox.Depend.Results.csproj", "{AE5E10A0-5AD9-431C-A0C8-3FF79403CC68}"
EndProject
Project("{FAE04EC0-301F-11D3-BF4B-00C04F79EFBC}") = "YAESandBox.Authentication", "YAESandBox.Authentication\YAESandBox.Authentication.csproj", "{93CA16F1-ACEC-4928-9D9B-F037C3CE7D45}"
EndProject
Project("{FAE04EC0-301F-11D3-BF4B-00C04F79EFBC}") = "YAESandBox.Plugin.LuaScript", "..\Plugins\YAESandBox.Plugin.Rune.LuaScript\src\YAESandBox.Plugin.LuaScript.csproj", "{E0A04829-F37C-4B07-971A-DA1180901FAF}"
EndProject
Project("{FAE04EC0-301F-11D3-BF4B-00C04F79EFBC}") = "YAESandBox.Plugin.TextParser", "..\Plugins\YAESandBox.Plugin.Rune.TextParser\src\YAESandBox.Plugin.TextParser.csproj", "{85AD0F48-2062-43E5-BAA5-E55C1F7DF92A}"
EndProject
Project("{2150E333-8FDC-42A3-9474-1A3956D46DE8}") = "Seed", "Seed", "{B5557A1B-DC14-4AF3-8D88-2AAE8C6698B0}"
EndProject
Global
	GlobalSection(SolutionConfigurationPlatforms) = preSolution
		Debug|Any CPU = Debug|Any CPU
		Release|Any CPU = Release|Any CPU
	EndGlobalSection
	GlobalSection(ProjectConfigurationPlatforms) = postSolution
		{5F5667AF-F238-488E-B467-3A56420023C4}.Debug|Any CPU.ActiveCfg = Debug|Any CPU
		{5F5667AF-F238-488E-B467-3A56420023C4}.Debug|Any CPU.Build.0 = Debug|Any CPU
		{5F5667AF-F238-488E-B467-3A56420023C4}.Release|Any CPU.ActiveCfg = Release|Any CPU
		{5F5667AF-F238-488E-B467-3A56420023C4}.Release|Any CPU.Build.0 = Release|Any CPU
		{5C1F0133-D0DB-4777-86F8-438B9DA0DBED}.Debug|Any CPU.ActiveCfg = Debug|Any CPU
		{5C1F0133-D0DB-4777-86F8-438B9DA0DBED}.Debug|Any CPU.Build.0 = Debug|Any CPU
		{5C1F0133-D0DB-4777-86F8-438B9DA0DBED}.Release|Any CPU.ActiveCfg = Release|Any CPU
		{5C1F0133-D0DB-4777-86F8-438B9DA0DBED}.Release|Any CPU.Build.0 = Release|Any CPU
		{5984DD21-98F2-4B9E-9ABA-CDCA9C668583}.Debug|Any CPU.ActiveCfg = Debug|Any CPU
		{5984DD21-98F2-4B9E-9ABA-CDCA9C668583}.Debug|Any CPU.Build.0 = Debug|Any CPU
		{5984DD21-98F2-4B9E-9ABA-CDCA9C668583}.Release|Any CPU.ActiveCfg = Release|Any CPU
		{5984DD21-98F2-4B9E-9ABA-CDCA9C668583}.Release|Any CPU.Build.0 = Release|Any CPU
		{560F7FD6-D399-4DC1-BD94-ABDF9A094A3F}.Debug|Any CPU.ActiveCfg = Debug|Any CPU
		{560F7FD6-D399-4DC1-BD94-ABDF9A094A3F}.Debug|Any CPU.Build.0 = Debug|Any CPU
		{560F7FD6-D399-4DC1-BD94-ABDF9A094A3F}.Release|Any CPU.ActiveCfg = Release|Any CPU
		{560F7FD6-D399-4DC1-BD94-ABDF9A094A3F}.Release|Any CPU.Build.0 = Release|Any CPU
		{F3E9A585-044C-4071-9F77-82AEC4DE7DEE}.Debug|Any CPU.ActiveCfg = Debug|Any CPU
		{F3E9A585-044C-4071-9F77-82AEC4DE7DEE}.Debug|Any CPU.Build.0 = Debug|Any CPU
		{F3E9A585-044C-4071-9F77-82AEC4DE7DEE}.Release|Any CPU.ActiveCfg = Release|Any CPU
		{F3E9A585-044C-4071-9F77-82AEC4DE7DEE}.Release|Any CPU.Build.0 = Release|Any CPU
		{E325CAC5-54F5-428D-BCFA-95B4F1691BD2}.Debug|Any CPU.ActiveCfg = Debug|Any CPU
		{E325CAC5-54F5-428D-BCFA-95B4F1691BD2}.Debug|Any CPU.Build.0 = Debug|Any CPU
		{E325CAC5-54F5-428D-BCFA-95B4F1691BD2}.Release|Any CPU.ActiveCfg = Release|Any CPU
		{E325CAC5-54F5-428D-BCFA-95B4F1691BD2}.Release|Any CPU.Build.0 = Release|Any CPU
		{F119413A-7A2B-4C19-B7B3-2F07860A85AE}.Debug|Any CPU.ActiveCfg = Debug|Any CPU
		{F119413A-7A2B-4C19-B7B3-2F07860A85AE}.Debug|Any CPU.Build.0 = Debug|Any CPU
		{F119413A-7A2B-4C19-B7B3-2F07860A85AE}.Release|Any CPU.ActiveCfg = Release|Any CPU
		{F119413A-7A2B-4C19-B7B3-2F07860A85AE}.Release|Any CPU.Build.0 = Release|Any CPU
		{7C30EED4-2111-42D7-BF90-CFB8E7011C17}.Debug|Any CPU.ActiveCfg = Debug|Any CPU
		{7C30EED4-2111-42D7-BF90-CFB8E7011C17}.Debug|Any CPU.Build.0 = Debug|Any CPU
		{7C30EED4-2111-42D7-BF90-CFB8E7011C17}.Release|Any CPU.ActiveCfg = Release|Any CPU
		{7C30EED4-2111-42D7-BF90-CFB8E7011C17}.Release|Any CPU.Build.0 = Release|Any CPU
		{D2A61CFC-FF5D-45E9-8399-73D69A15B913}.Debug|Any CPU.ActiveCfg = Debug|Any CPU
		{D2A61CFC-FF5D-45E9-8399-73D69A15B913}.Debug|Any CPU.Build.0 = Debug|Any CPU
		{D2A61CFC-FF5D-45E9-8399-73D69A15B913}.Release|Any CPU.ActiveCfg = Release|Any CPU
		{D2A61CFC-FF5D-45E9-8399-73D69A15B913}.Release|Any CPU.Build.0 = Release|Any CPU
		{03A8E129-CDCE-4FE3-83D2-A44153BF8C9C}.Debug|Any CPU.ActiveCfg = Debug|Any CPU
		{03A8E129-CDCE-4FE3-83D2-A44153BF8C9C}.Debug|Any CPU.Build.0 = Debug|Any CPU
		{03A8E129-CDCE-4FE3-83D2-A44153BF8C9C}.Release|Any CPU.ActiveCfg = Release|Any CPU
		{03A8E129-CDCE-4FE3-83D2-A44153BF8C9C}.Release|Any CPU.Build.0 = Release|Any CPU
		{9B0A7694-7050-4236-9D50-C6768AAC06E0}.Debug|Any CPU.ActiveCfg = Debug|Any CPU
		{9B0A7694-7050-4236-9D50-C6768AAC06E0}.Debug|Any CPU.Build.0 = Debug|Any CPU
		{9B0A7694-7050-4236-9D50-C6768AAC06E0}.Release|Any CPU.ActiveCfg = Release|Any CPU
		{9B0A7694-7050-4236-9D50-C6768AAC06E0}.Release|Any CPU.Build.0 = Release|Any CPU
		{72C38B20-E041-470B-AE3D-D0AA83368E0F}.Debug|Any CPU.ActiveCfg = Debug|Any CPU
		{72C38B20-E041-470B-AE3D-D0AA83368E0F}.Debug|Any CPU.Build.0 = Debug|Any CPU
		{72C38B20-E041-470B-AE3D-D0AA83368E0F}.Release|Any CPU.ActiveCfg = Release|Any CPU
		{72C38B20-E041-470B-AE3D-D0AA83368E0F}.Release|Any CPU.Build.0 = Release|Any CPU
		{D1EBAAAC-8B93-49DE-B4CA-192C2BFC7BB7}.Debug|Any CPU.ActiveCfg = Debug|Any CPU
		{D1EBAAAC-8B93-49DE-B4CA-192C2BFC7BB7}.Debug|Any CPU.Build.0 = Debug|Any CPU
		{D1EBAAAC-8B93-49DE-B4CA-192C2BFC7BB7}.Release|Any CPU.ActiveCfg = Release|Any CPU
		{D1EBAAAC-8B93-49DE-B4CA-192C2BFC7BB7}.Release|Any CPU.Build.0 = Release|Any CPU
		{43C6693F-804D-4D24-8069-C6BBE452627D}.Debug|Any CPU.ActiveCfg = Debug|Any CPU
		{43C6693F-804D-4D24-8069-C6BBE452627D}.Debug|Any CPU.Build.0 = Debug|Any CPU
		{43C6693F-804D-4D24-8069-C6BBE452627D}.Release|Any CPU.ActiveCfg = Release|Any CPU
		{43C6693F-804D-4D24-8069-C6BBE452627D}.Release|Any CPU.Build.0 = Release|Any CPU
		{AE5E10A0-5AD9-431C-A0C8-3FF79403CC68}.Debug|Any CPU.ActiveCfg = Debug|Any CPU
		{AE5E10A0-5AD9-431C-A0C8-3FF79403CC68}.Debug|Any CPU.Build.0 = Debug|Any CPU
		{AE5E10A0-5AD9-431C-A0C8-3FF79403CC68}.Release|Any CPU.ActiveCfg = Release|Any CPU
		{AE5E10A0-5AD9-431C-A0C8-3FF79403CC68}.Release|Any CPU.Build.0 = Release|Any CPU
		{93CA16F1-ACEC-4928-9D9B-F037C3CE7D45}.Debug|Any CPU.ActiveCfg = Debug|Any CPU
		{93CA16F1-ACEC-4928-9D9B-F037C3CE7D45}.Debug|Any CPU.Build.0 = Debug|Any CPU
		{93CA16F1-ACEC-4928-9D9B-F037C3CE7D45}.Release|Any CPU.ActiveCfg = Release|Any CPU
		{93CA16F1-ACEC-4928-9D9B-F037C3CE7D45}.Release|Any CPU.Build.0 = Release|Any CPU
		{E0A04829-F37C-4B07-971A-DA1180901FAF}.Debug|Any CPU.ActiveCfg = Debug|Any CPU
		{E0A04829-F37C-4B07-971A-DA1180901FAF}.Debug|Any CPU.Build.0 = Debug|Any CPU
		{E0A04829-F37C-4B07-971A-DA1180901FAF}.Release|Any CPU.ActiveCfg = Release|Any CPU
		{E0A04829-F37C-4B07-971A-DA1180901FAF}.Release|Any CPU.Build.0 = Release|Any CPU
		{85AD0F48-2062-43E5-BAA5-E55C1F7DF92A}.Debug|Any CPU.ActiveCfg = Debug|Any CPU
		{85AD0F48-2062-43E5-BAA5-E55C1F7DF92A}.Debug|Any CPU.Build.0 = Debug|Any CPU
		{85AD0F48-2062-43E5-BAA5-E55C1F7DF92A}.Release|Any CPU.ActiveCfg = Release|Any CPU
		{85AD0F48-2062-43E5-BAA5-E55C1F7DF92A}.Release|Any CPU.Build.0 = Release|Any CPU
	EndGlobalSection
	GlobalSection(NestedProjects) = preSolution
		{5F5667AF-F238-488E-B467-3A56420023C4} = {78706A16-017A-46F9-8403-D83C2351FEEC}
		{5984DD21-98F2-4B9E-9ABA-CDCA9C668583} = {78706A16-017A-46F9-8403-D83C2351FEEC}
		{F119413A-7A2B-4C19-B7B3-2F07860A85AE} = {78706A16-017A-46F9-8403-D83C2351FEEC}
		{7C30EED4-2111-42D7-BF90-CFB8E7011C17} = {78706A16-017A-46F9-8403-D83C2351FEEC}
		{D1EBAAAC-8B93-49DE-B4CA-192C2BFC7BB7} = {5E79B2C8-4893-4D49-B459-B3FCBC122FA7}
		{43C6693F-804D-4D24-8069-C6BBE452627D} = {5E79B2C8-4893-4D49-B459-B3FCBC122FA7}
		{5C1F0133-D0DB-4777-86F8-438B9DA0DBED} = {B5557A1B-DC14-4AF3-8D88-2AAE8C6698B0}
		{9B0A7694-7050-4236-9D50-C6768AAC06E0} = {B5557A1B-DC14-4AF3-8D88-2AAE8C6698B0}
		{560F7FD6-D399-4DC1-BD94-ABDF9A094A3F} = {B5557A1B-DC14-4AF3-8D88-2AAE8C6698B0}
		{E325CAC5-54F5-428D-BCFA-95B4F1691BD2} = {B5557A1B-DC14-4AF3-8D88-2AAE8C6698B0}
		{F3E9A585-044C-4071-9F77-82AEC4DE7DEE} = {B5557A1B-DC14-4AF3-8D88-2AAE8C6698B0}
		{72C38B20-E041-470B-AE3D-D0AA83368E0F} = {B5557A1B-DC14-4AF3-8D88-2AAE8C6698B0}
	EndGlobalSection
EndGlobal
